
Microsoft Visual Studio Solution File, Format Version 12.00
Project("{FAE04EC0-301F-11D3-BF4B-00C04F79EFBC}") = "Cenappi", "Cenappi\Cenappi.csproj", "{97BBD8DA-B74E-4DDF-85BC-85D8ED244E19}"
EndProject
Project("{FAE04EC0-301F-11D3-BF4B-00C04F79EFBC}") = "Cenappi.Tests", "Cenappi.Tests\Cenappi.Tests.csproj", "{883104CF-E976-4EED-A85E-95EA8369A3FF}"
EndProject
Global
	GlobalSection(SolutionConfigurationPlatforms) = preSolution
		Debug|Any CPU = Debug|Any CPU
		Release|Any CPU = Release|Any CPU
	EndGlobalSection
	GlobalSection(ProjectConfigurationPlatforms) = postSolution
		{97BBD8DA-B74E-4DDF-85BC-85D8ED244E19}.Debug|Any CPU.ActiveCfg = Debug|Any CPU
		{97BBD8DA-B74E-4DDF-85BC-85D8ED244E19}.Debug|Any CPU.Build.0 = Debug|Any CPU
		{97BBD8DA-B74E-4DDF-85BC-85D8ED244E19}.Release|Any CPU.ActiveCfg = Release|Any CPU
		{97BBD8DA-B74E-4DDF-85BC-85D8ED244E19}.Release|Any CPU.Build.0 = Release|Any CPU
		{883104CF-E976-4EED-A85E-95EA8369A3FF}.Debug|Any CPU.ActiveCfg = Debug|Any CPU
		{883104CF-E976-4EED-A85E-95EA8369A3FF}.Debug|Any CPU.Build.0 = Debug|Any CPU
		{883104CF-E976-4EED-A85E-95EA8369A3FF}.Release|Any CPU.ActiveCfg = Release|Any CPU
		{883104CF-E976-4EED-A85E-95EA8369A3FF}.Release|Any CPU.Build.0 = Release|Any CPU
	EndGlobalSection
EndGlobal
